<?xml version="1.0" encoding="utf-8"?>
<Project ToolsVersion="4.0" xmlns="http://schemas.microsoft.com/developer/msbuild/2003">
  <ItemGroup>
    <Filter Include="ObjectCore">
      <UniqueIdentifier>{55217142-5380-44be-9491-838f044ddd88}</UniqueIdentifier>
    </Filter>
    <Filter Include="ObjectCore\Public">
      <UniqueIdentifier>{f52afbb9-e66a-4364-bebb-7c2a5cc23b63}</UniqueIdentifier>
    </Filter>
    <Filter Include="ObjectCore\Private">
      <UniqueIdentifier>{9869b0d7-238d-4ca4-b4f8-c76dc3ef753e}</UniqueIdentifier>
    </Filter>
    <Filter Include="Common">
      <UniqueIdentifier>{740db591-24aa-41c4-9c0a-9a980d27631b}</UniqueIdentifier>
    </Filter>
    <Filter Include="ObjectCore\Private\Class">
      <UniqueIdentifier>{9ab8f366-1068-4057-921e-61ce68ec7f5b}</UniqueIdentifier>
    </Filter>
    <Filter Include="ObjectCore\Public\Class">
      <UniqueIdentifier>{c203bade-be45-41b0-b7ec-bc68b856989f}</UniqueIdentifier>
    </Filter>
    <Filter Include="ObjectCore\Public\ObjectInterface">
      <UniqueIdentifier>{4e6ee30f-2092-4626-88da-e7ef702a9a79}</UniqueIdentifier>
    </Filter>
    <Filter Include="ObjectCore\Private\ObjectInterface">
      <UniqueIdentifier>{554327d2-3302-477c-94fb-3737fcadaa17}</UniqueIdentifier>
    </Filter>
    <Filter Include="Common\Public">
      <UniqueIdentifier>{18d4744a-58ee-4b3c-a45e-39dbc93df21f}</UniqueIdentifier>
    </Filter>
    <Filter Include="Common\Private">
      <UniqueIdentifier>{7f3aedb6-048f-4621-b4a3-cbb4324a3df4}</UniqueIdentifier>
    </Filter>
    <Filter Include="Common\Public\Definition">
      <UniqueIdentifier>{80cbb605-5bc9-4925-a3f4-01ae27e61e76}</UniqueIdentifier>
    </Filter>
    <Filter Include="Common\Public\Delegate">
      <UniqueIdentifier>{4b10293e-ce0c-4c0a-acd1-df448ed4e8ef}</UniqueIdentifier>
    </Filter>
    <Filter Include="Common\Private\Delegate">
      <UniqueIdentifier>{7aaee68f-26e5-4bdc-a6d2-c7fad7a636e7}</UniqueIdentifier>
    </Filter>
    <Filter Include="Common\Public\Container">
      <UniqueIdentifier>{1375b8ec-9f21-402b-90cd-5497c04495c0}</UniqueIdentifier>
    </Filter>
  </ItemGroup>
  <ItemGroup>
    <ClCompile Include="ObjectCore\Private\Class\ClassField.cpp">
      <Filter>ObjectCore\Private\Class</Filter>
    </ClCompile>
    <ClCompile Include="ObjectCore\Private\ObjectInterface\ObjectInterface.cpp">
      <Filter>ObjectCore\Private\ObjectInterface</Filter>
    </ClCompile>
    <ClCompile Include="Common\Private\Delegate\Delegate.cpp">
      <Filter>Common\Private\Delegate</Filter>
    </ClCompile>
  </ItemGroup>
  <ItemGroup>
    <ClInclude Include="ObjectCore\Public\Class\ClassField.h">
      <Filter>ObjectCore\Public\Class</Filter>
    </ClInclude>
    <ClInclude Include="ObjectCore\Public\ObjectInterface\ObjectInterface.h">
      <Filter>ObjectCore\Public\ObjectInterface</Filter>
    </ClInclude>
    <ClInclude Include="Common\Public\Definition\CommonDefine.h">
      <Filter>Common\Public\Definition</Filter>
    </ClInclude>
    <ClInclude Include="Common\Public\Delegate\Delegate.h">
      <Filter>Common\Public\Delegate</Filter>
    </ClInclude>
    <ClInclude Include="Common\Public\Container\ContainerTypes.h">
      <Filter>Common\Public\Container</Filter>
    </ClInclude>
    <ClInclude Include="Common\Public\Delegate\MulticastDelegate.h">
      <Filter>Common\Public\Delegate</Filter>
    </ClInclude>
  </ItemGroup>
</Project>